{
  "name": "raml-definition-system",
  "version": "0.0.89",
  "lockfileVersion": 1,
  "requires": true,
  "dependencies": {
    "@types/node": {
      "version": "11.9.6",
      "resolved": "https://registry.npmjs.org/@types/node/-/node-11.9.6.tgz",
      "integrity": "sha512-4hS2K4gwo9/aXIcoYxCtHpdgd8XUeDmo1siRCAH3RziXB65JlPqUFMtfy9VPj+og7dp3w1TFjGwYga4e0m9GwA==",
      "dev": true
    },
    "@types/underscore": {
      "version": "1.8.10",
      "resolved": "https://registry.npmjs.org/@types/underscore/-/underscore-1.8.10.tgz",
      "integrity": "sha512-2Y+qwEb3BIBfLl+PBQaZUkgj0Wdh3+8HPFgPQLh3z5KaJI6Z85Uxk+3wzrdd26TAt8CiAUdQ5nMcsTEKykgIyg==",
      "dev": true
    },
    "amdefine": {
      "version": "0.0.8",
      "resolved": "https://registry.npmjs.org/amdefine/-/amdefine-0.0.8.tgz",
      "integrity": "sha1-NNyMmB5qyzvhhTvvjw7JSjnVW6A="
    },
    "balanced-match": {
      "version": "1.0.0",
      "resolved": "https://registry.npmjs.org/balanced-match/-/balanced-match-1.0.0.tgz",
      "integrity": "sha1-ibTRmasr7kneFk6gK4nORi1xt2c=",
      "dev": true
    },
    "bignumber.js": {
      "version": "4.1.0",
      "resolved": "https://registry.npmjs.org/bignumber.js/-/bignumber.js-4.1.0.tgz",
      "integrity": "sha1-228UBnwUC9RmJIFaeRbJLZtsJLE="
    },
    "brace-expansion": {
      "version": "1.1.11",
      "resolved": "https://registry.npmjs.org/brace-expansion/-/brace-expansion-1.1.11.tgz",
      "integrity": "sha1-PH/L9SnYcibz0vUrlm/1Jx60Qd0=",
      "dev": true,
      "requires": {
        "balanced-match": "^1.0.0",
        "concat-map": "0.0.1"
      }
    },
    "commander": {
      "version": "2.19.0",
      "resolved": "https://registry.npmjs.org/commander/-/commander-2.19.0.tgz",
      "integrity": "sha1-9hmKqE5bg8RgVLlN3tv+1e6f8So=",
      "optional": true
    },
    "concat-map": {
      "version": "0.0.1",
      "resolved": "https://registry.npmjs.org/concat-map/-/concat-map-0.0.1.tgz",
      "integrity": "sha1-2Klr13/Wjfd5OnMDajug1UBdR3s=",
      "dev": true
    },
    "date-and-time": {
      "version": "0.5.0",
      "resolved": "https://registry.npmjs.org/date-and-time/-/date-and-time-0.5.0.tgz",
      "integrity": "sha1-SKFTjAkokYh0YxH8Hwx7M1FzbUg="
    },
    "dev-env-installer": {
      "version": "0.0.14",
      "resolved": "https://registry.npmjs.org/dev-env-installer/-/dev-env-installer-0.0.14.tgz",
      "integrity": "sha1-d+Z4HDfKI98Q3ooJZSljMx9+mj8=",
      "dev": true,
      "requires": {
        "underscore": "^1.8.3"
      }
    },
    "escape-html": {
      "version": "1.0.3",
      "resolved": "https://registry.npmjs.org/escape-html/-/escape-html-1.0.3.tgz",
      "integrity": "sha1-Aljq5NPQwJdN4cFpGI7wBR0dGYg="
    },
    "fs.realpath": {
      "version": "1.0.0",
      "resolved": "https://registry.npmjs.org/fs.realpath/-/fs.realpath-1.0.0.tgz",
      "integrity": "sha1-FQStJSMVjKpA20onh8sBQRmU6k8=",
      "dev": true
    },
    "glob": {
      "version": "7.1.3",
      "resolved": "https://registry.npmjs.org/glob/-/glob-7.1.3.tgz",
      "integrity": "sha1-OWCDLT8VdBCDQtr9OmezMsCWnfE=",
      "dev": true,
      "requires": {
        "fs.realpath": "^1.0.0",
        "inflight": "^1.0.4",
        "inherits": "2",
        "minimatch": "^3.0.4",
        "once": "^1.3.0",
        "path-is-absolute": "^1.0.0"
      }
    },
    "inflight": {
      "version": "1.0.6",
      "resolved": "https://registry.npmjs.org/inflight/-/inflight-1.0.6.tgz",
      "integrity": "sha1-Sb1jMdfQLQwJvJEKEHW6gWW1bfk=",
      "dev": true,
      "requires": {
        "once": "^1.3.0",
        "wrappy": "1"
      }
    },
    "inherits": {
      "version": "2.0.3",
      "resolved": "https://registry.npmjs.org/inherits/-/inherits-2.0.3.tgz",
      "integrity": "sha1-Yzwsg+PaQqUC9SRmAiSA9CCCYd4=",
      "dev": true
    },
    "json-loader": {
      "version": "0.5.7",
      "resolved": "https://registry.npmjs.org/json-loader/-/json-loader-0.5.7.tgz",
      "integrity": "sha1-3KFKcCNf+C8KyaOr62DTN6NlGF0=",
      "dev": true
    },
    "json-schema-compatibility": {
      "version": "1.1.0",
      "resolved": "https://registry.npmjs.org/json-schema-compatibility/-/json-schema-compatibility-1.1.0.tgz",
      "integrity": "sha1-GomBd4zaDDgYcpjZmdCJ5Rrygt8="
    },
    "json-to-ast": {
      "version": "2.0.0-alpha1.3",
      "resolved": "https://registry.npmjs.org/json-to-ast/-/json-to-ast-2.0.0-alpha1.3.tgz",
      "integrity": "sha1-aQqngDXTp7ctUZPxtMCPm7DX4sg="
    },
    "know-your-http-well": {
      "version": "0.5.0",
      "resolved": "https://registry.npmjs.org/know-your-http-well/-/know-your-http-well-0.5.0.tgz",
      "integrity": "sha1-XQOQAxBHmanXf8KZjP1TlnWyVr4=",
      "requires": {
        "amdefine": "~0.0.4"
      }
    },
    "lodash.get": {
      "version": "4.4.2",
      "resolved": "https://registry.npmjs.org/lodash.get/-/lodash.get-4.4.2.tgz",
      "integrity": "sha1-LRd/ZS+jHpObRDjVNBSZ36OCXpk=",
      "optional": true
    },
    "lodash.isequal": {
      "version": "4.5.0",
      "resolved": "https://registry.npmjs.org/lodash.isequal/-/lodash.isequal-4.5.0.tgz",
      "integrity": "sha1-QVxEePK8wwEgwizhDtMib30+GOA=",
      "optional": true
    },
    "lrucache": {
      "version": "1.0.3",
      "resolved": "https://registry.npmjs.org/lrucache/-/lrucache-1.0.3.tgz",
      "integrity": "sha1-Ox3tDRuoLhiLm9q6nu5khvhkpDQ="
    },
    "minimatch": {
      "version": "3.0.4",
      "resolved": "https://registry.npmjs.org/minimatch/-/minimatch-3.0.4.tgz",
      "integrity": "sha1-UWbihkV/AzBgZL5Ul+jbsMPTIIM=",
      "dev": true,
      "requires": {
        "brace-expansion": "^1.1.7"
      }
    },
    "once": {
      "version": "1.4.0",
      "resolved": "https://registry.npmjs.org/once/-/once-1.4.0.tgz",
      "integrity": "sha1-WDsap3WWHUsROsF9nFC6753Xa9E=",
      "dev": true,
      "requires": {
        "wrappy": "1"
      }
    },
    "path-is-absolute": {
      "version": "1.0.1",
      "resolved": "https://registry.npmjs.org/path-is-absolute/-/path-is-absolute-1.0.1.tgz",
      "integrity": "sha1-F0uSaHNVNP+8es5r9TpanhtcX18=",
      "dev": true
    },
    "raml-json-validation": {
      "version": "0.0.18",
      "resolved": "https://registry.npmjs.org/raml-json-validation/-/raml-json-validation-0.0.18.tgz",
      "integrity": "sha512-U43jM2+2203s59jMWlNQIc1SmQ4B8rJKJXL5bQJdFHVyr2W9ImLJOmDCSpkKHKlM24f72iRbU/aVupjpWY8fBA==",
      "optional": true,
      "requires": {
        "z-schema": "3.21.0"
      }
    },
    "raml-typesystem": {
      "version": "0.0.90",
      "resolved": "https://registry.npmjs.org/raml-typesystem/-/raml-typesystem-0.0.90.tgz",
      "integrity": "sha512-jVk30KH69/1UoRzKY0cFJy78QXzBh8JeYutEdcilLSR+PJ0xs3nT/uMpPLk0Zd1pdxQCbHlcn8cLYz7RbMnLVA==",
      "requires": {
        "bignumber.js": "4.1.0",
        "date-and-time": "0.5.0",
        "escape-html": "1.0.3",
        "json-schema-compatibility": "1.1.0",
        "json-to-ast": "2.0.0-alpha1.3",
        "lrucache": "1.0.3",
        "raml-json-validation": "0.0.18",
        "raml-xml-validation": "0.0.15",
        "underscore": "1.9.1",
        "xml2js": "0.4.19",
        "xmldom": "0.1.27"
      }
    },
    "raml-xml-validation": {
      "version": "0.0.15",
      "resolved": "https://registry.npmjs.org/raml-xml-validation/-/raml-xml-validation-0.0.15.tgz",
      "integrity": "sha512-ixkKvCc2b/R7WkPxhFDT7Bg7HLRyzXGp/2UrGFJfkxvsAEMC5JZ2b7LEpmrx6JGzLaHFA01KJ/IBNoZdxvM2xw==",
      "optional": true,
      "requires": {
        "xmllint-jsparser": "0.0.3"
      }
    },
    "rimraf": {
      "version": "2.6.3",
      "resolved": "https://registry.npmjs.org/rimraf/-/rimraf-2.6.3.tgz",
      "integrity": "sha1-stEE/g2Psnz54KHNqCYt04M8bKs=",
      "dev": true,
      "requires": {
        "glob": "^7.1.3"
      }
    },
    "sax": {
      "version": "1.2.4",
      "resolved": "https://registry.npmjs.org/sax/-/sax-1.2.4.tgz",
      "integrity": "sha1-KBYjTiN4vdxOU1T6tcqold9xANk="
    },
    "ts-structure-model": {
      "version": "0.0.1",
      "resolved": "https://registry.npmjs.org/ts-structure-model/-/ts-structure-model-0.0.1.tgz",
      "integrity": "sha1-bmya1Im4yQZcg/jp0hXdCaIBiO4="
    },
    "ts-structure-parser": {
      "version": "0.0.19",
      "resolved": "https://registry.npmjs.org/ts-structure-parser/-/ts-structure-parser-0.0.19.tgz",
      "integrity": "sha512-gr3owb5qPgSqMGs1AMA9TsckG7wOANE0mT8YBtx5F7Yokserm92b6dicu4stRhG3HNXHI1vczvsbiOPxu/ulQA==",
      "dev": true,
      "requires": {
        "ts-structure-model": "0.0.1",
        "typescript": "3.1.6",
        "underscore": "1.9.1"
      },
      "dependencies": {
        "typescript": {
          "version": "3.1.6",
          "resolved": "https://registry.npmjs.org/typescript/-/typescript-3.1.6.tgz",
          "integrity": "sha512-tDMYfVtvpb96msS1lDX9MEdHrW4yOuZ4Kdc4Him9oU796XldPYF/t2+uKoX0BBa0hXXwDlqYQbXY5Rzjzc5hBA==",
          "dev": true
        }
      }
    },
    "typescript": {
      "version": "3.3.3333",
      "resolved": "https://registry.npmjs.org/typescript/-/typescript-3.3.3333.tgz",
      "integrity": "sha1-FxssWvZsWelDEZkRejvK3Gb9z9Y=",
      "dev": true
    },
    "underscore": {
      "version": "1.9.1",
      "resolved": "https://registry.npmjs.org/underscore/-/underscore-1.9.1.tgz",
      "integrity": "sha1-BtzjSg5op7q8KbNluOdLiSUgOWE="
    },
    "validator": {
      "version": "10.11.0",
      "resolved": "https://registry.npmjs.org/validator/-/validator-10.11.0.tgz",
      "integrity": "sha1-ADEI6m6amHTTHMyeUAaFbM12sig=",
      "optional": true
    },
    "wrappy": {
      "version": "1.0.2",
      "resolved": "https://registry.npmjs.org/wrappy/-/wrappy-1.0.2.tgz",
      "integrity": "sha1-tSQ9jz7BqjXxNkYFvA0QNuMKtp8=",
      "dev": true
    },
    "xml2js": {
      "version": "0.4.19",
      "resolved": "https://registry.npmjs.org/xml2js/-/xml2js-0.4.19.tgz",
      "integrity": "sha1-aGwg8hMgnpSr8NG88e+qKRx4J6c=",
      "requires": {
        "sax": ">=0.6.0",
        "xmlbuilder": "~9.0.1"
      }
    },
    "xmlbuilder": {
      "version": "9.0.7",
      "resolved": "https://registry.npmjs.org/xmlbuilder/-/xmlbuilder-9.0.7.tgz",
      "integrity": "sha1-Ey7mPS7FVlxVfiD0wi35rKaGsQ0="
    },
    "xmldom": {
      "version": "0.1.27",
      "resolved": "https://registry.npmjs.org/xmldom/-/xmldom-0.1.27.tgz",
      "integrity": "sha1-1QH5ezvbQDr4757MIFcxh6rawOk="
    },
    "xmllint-jsparser": {
      "version": "0.0.3",
      "resolved": "https://registry.npmjs.org/xmllint-jsparser/-/xmllint-jsparser-0.0.3.tgz",
      "integrity": "sha1-aLBRNDkX2pX3e3oMeg+7QAF142Y=",
      "optional": true
    },
    "z-schema": {
      "version": "3.21.0",
      "resolved": "https://registry.npmjs.org/z-schema/-/z-schema-3.21.0.tgz",
      "integrity": "sha1-JsdT6F4550HMCLwufDhh1m12ago=",
      "optional": true,
      "requires": {
        "commander": "^2.7.1",
        "lodash.get": "^4.0.0",
        "lodash.isequal": "^4.0.0",
        "validator": "^10.0.0"
      }
    }
  }
}
